
Microsoft Visual Studio Solution File, Format Version 12.00
# Visual Studio 15
VisualStudioVersion = 15.0.27703.2035
MinimumVisualStudioVersion = 10.0.40219.1
Project("{FAE04EC0-301F-11D3-BF4B-00C04F79EFBC}") = "Exercises", "Exercises\Exercises.csproj", "{800552F7-D353-4602-B3D4-097C8B6EBD46}"
EndProject
Global
	GlobalSection(SolutionConfigurationPlatforms) = preSolution
		Debug|Any CPU = Debug|Any CPU
		Release|Any CPU = Release|Any CPU
	EndGlobalSection
	GlobalSection(ProjectConfigurationPlatforms) = postSolution
		{800552F7-D353-4602-B3D4-097C8B6EBD46}.Debug|Any CPU.ActiveCfg = Debug|Any CPU
		{800552F7-D353-4602-B3D4-097C8B6EBD46}.Debug|Any CPU.Build.0 = Debug|Any CPU
		{800552F7-D353-4602-B3D4-097C8B6EBD46}.Release|Any CPU.ActiveCfg = Release|Any CPU
		{800552F7-D353-4602-B3D4-097C8B6EBD46}.Release|Any CPU.Build.0 = Release|Any CPU
	EndGlobalSection
	GlobalSection(SolutionProperties) = preSolution
		HideSolutionNode = FALSE
	EndGlobalSection
	GlobalSection(ExtensibilityGlobals) = postSolution
		SolutionGuid = {30D6201B-4785-4AFF-B546-D2710318495E}
	EndGlobalSection
EndGlobal
